
Microsoft Visual Studio Solution File, Format Version 12.00
# Visual Studio 14
VisualStudioVersion = 14.0.25420.1
MinimumVisualStudioVersion = 10.0.40219.1
Project("{FAE04EC0-301F-11D3-BF4B-00C04F79EFBC}") = "ExcelTools", "ExcelTools\ExcelTools.csproj", "{F3C837A9-6020-400E-8DA7-D04F7A3900DF}"
EndProject
Project("{FAE04EC0-301F-11D3-BF4B-00C04F79EFBC}") = "WsManager", "WsManager\WsManager.csproj", "{244AEF22-F28A-4A21-A955-53EDD665D641}"
EndProject
Project("{FAE04EC0-301F-11D3-BF4B-00C04F79EFBC}") = "UnitTests", "UnitTests\UnitTests.csproj", "{E3DE0B6E-0988-4E11-96E7-B648D92B3F85}"
EndProject
Project("{FAE04EC0-301F-11D3-BF4B-00C04F79EFBC}") = "DatePiecker", "DatePiecker\DatePiecker.csproj", "{1738CF64-5AEA-463C-AFE2-53CB8E2A04DB}"
EndProject
Global
	GlobalSection(SolutionConfigurationPlatforms) = preSolution
		Debug|Any CPU = Debug|Any CPU
		Debug|x64 = Debug|x64
		Release|Any CPU = Release|Any CPU
		Release|x64 = Release|x64
	EndGlobalSection
	GlobalSection(ProjectConfigurationPlatforms) = postSolution
		{F3C837A9-6020-400E-8DA7-D04F7A3900DF}.Debug|Any CPU.ActiveCfg = Debug|Any CPU
		{F3C837A9-6020-400E-8DA7-D04F7A3900DF}.Debug|Any CPU.Build.0 = Debug|Any CPU
		{F3C837A9-6020-400E-8DA7-D04F7A3900DF}.Debug|x64.ActiveCfg = Debug|x64
		{F3C837A9-6020-400E-8DA7-D04F7A3900DF}.Debug|x64.Build.0 = Debug|x64
		{F3C837A9-6020-400E-8DA7-D04F7A3900DF}.Release|Any CPU.ActiveCfg = Release|Any CPU
		{F3C837A9-6020-400E-8DA7-D04F7A3900DF}.Release|Any CPU.Build.0 = Release|Any CPU
		{F3C837A9-6020-400E-8DA7-D04F7A3900DF}.Release|x64.ActiveCfg = Release|x64
		{F3C837A9-6020-400E-8DA7-D04F7A3900DF}.Release|x64.Build.0 = Release|x64
		{244AEF22-F28A-4A21-A955-53EDD665D641}.Debug|Any CPU.ActiveCfg = Debug|Any CPU
		{244AEF22-F28A-4A21-A955-53EDD665D641}.Debug|Any CPU.Build.0 = Debug|Any CPU
		{244AEF22-F28A-4A21-A955-53EDD665D641}.Debug|x64.ActiveCfg = Debug|Any CPU
		{244AEF22-F28A-4A21-A955-53EDD665D641}.Debug|x64.Build.0 = Debug|Any CPU
		{244AEF22-F28A-4A21-A955-53EDD665D641}.Release|Any CPU.ActiveCfg = Release|Any CPU
		{244AEF22-F28A-4A21-A955-53EDD665D641}.Release|Any CPU.Build.0 = Release|Any CPU
		{244AEF22-F28A-4A21-A955-53EDD665D641}.Release|x64.ActiveCfg = Release|Any CPU
		{244AEF22-F28A-4A21-A955-53EDD665D641}.Release|x64.Build.0 = Release|Any CPU
		{E3DE0B6E-0988-4E11-96E7-B648D92B3F85}.Debug|Any CPU.ActiveCfg = Debug|Any CPU
		{E3DE0B6E-0988-4E11-96E7-B648D92B3F85}.Debug|Any CPU.Build.0 = Debug|Any CPU
		{E3DE0B6E-0988-4E11-96E7-B648D92B3F85}.Debug|x64.ActiveCfg = Debug|Any CPU
		{E3DE0B6E-0988-4E11-96E7-B648D92B3F85}.Debug|x64.Build.0 = Debug|Any CPU
		{E3DE0B6E-0988-4E11-96E7-B648D92B3F85}.Release|Any CPU.ActiveCfg = Release|Any CPU
		{E3DE0B6E-0988-4E11-96E7-B648D92B3F85}.Release|Any CPU.Build.0 = Release|Any CPU
		{E3DE0B6E-0988-4E11-96E7-B648D92B3F85}.Release|x64.ActiveCfg = Release|Any CPU
		{E3DE0B6E-0988-4E11-96E7-B648D92B3F85}.Release|x64.Build.0 = Release|Any CPU
		{1738CF64-5AEA-463C-AFE2-53CB8E2A04DB}.Debug|Any CPU.ActiveCfg = Debug|Any CPU
		{1738CF64-5AEA-463C-AFE2-53CB8E2A04DB}.Debug|Any CPU.Build.0 = Debug|Any CPU
		{1738CF64-5AEA-463C-AFE2-53CB8E2A04DB}.Debug|x64.ActiveCfg = Debug|Any CPU
		{1738CF64-5AEA-463C-AFE2-53CB8E2A04DB}.Debug|x64.Build.0 = Debug|Any CPU
		{1738CF64-5AEA-463C-AFE2-53CB8E2A04DB}.Release|Any CPU.ActiveCfg = Release|Any CPU
		{1738CF64-5AEA-463C-AFE2-53CB8E2A04DB}.Release|Any CPU.Build.0 = Release|Any CPU
		{1738CF64-5AEA-463C-AFE2-53CB8E2A04DB}.Release|x64.ActiveCfg = Release|Any CPU
		{1738CF64-5AEA-463C-AFE2-53CB8E2A04DB}.Release|x64.Build.0 = Release|Any CPU
	EndGlobalSection
	GlobalSection(SolutionProperties) = preSolution
		HideSolutionNode = FALSE
	EndGlobalSection
EndGlobal
